
Microsoft Visual Studio Solution File, Format Version 12.00
# Visual Studio Version 17
VisualStudioVersion = 17.1.32319.34
MinimumVisualStudioVersion = 10.0.40219.1
Project("{FAE04EC0-301F-11D3-BF4B-00C04F79EFBC}") = "Simulator", "Simulator\Simulator.csproj", "{7E606028-6842-476D-A93E-82358FDFC574}"
EndProject
Project("{FAE04EC0-301F-11D3-BF4B-00C04F79EFBC}") = "Simulator.Test", "Simulator.Test\Simulator.Test.csproj", "{D5EA0956-A4A3-409F-95EC-DDB43504ECC6}"
EndProject
Project("{FAE04EC0-301F-11D3-BF4B-00C04F79EFBC}") = "ToyRobot", "ToyRobot\ToyRobot.csproj", "{5503BC17-3C18-40A4-BE1A-5945BE6A9FD7}"
EndProject
Project("{FAE04EC0-301F-11D3-BF4B-00C04F79EFBC}") = "ToyRobot.Test", "ToyRobot.Test\ToyRobot.Test.csproj", "{5F49F86D-F81F-48DE-A780-C76B6280D49F}"
EndProject
Global
	GlobalSection(SolutionConfigurationPlatforms) = preSolution
		Debug|Any CPU = Debug|Any CPU
		Release|Any CPU = Release|Any CPU
	EndGlobalSection
	GlobalSection(ProjectConfigurationPlatforms) = postSolution
		{7E606028-6842-476D-A93E-82358FDFC574}.Debug|Any CPU.ActiveCfg = Debug|Any CPU
		{7E606028-6842-476D-A93E-82358FDFC574}.Debug|Any CPU.Build.0 = Debug|Any CPU
		{7E606028-6842-476D-A93E-82358FDFC574}.Release|Any CPU.ActiveCfg = Release|Any CPU
		{7E606028-6842-476D-A93E-82358FDFC574}.Release|Any CPU.Build.0 = Release|Any CPU
		{D5EA0956-A4A3-409F-95EC-DDB43504ECC6}.Debug|Any CPU.ActiveCfg = Debug|Any CPU
		{D5EA0956-A4A3-409F-95EC-DDB43504ECC6}.Debug|Any CPU.Build.0 = Debug|Any CPU
		{D5EA0956-A4A3-409F-95EC-DDB43504ECC6}.Release|Any CPU.ActiveCfg = Release|Any CPU
		{D5EA0956-A4A3-409F-95EC-DDB43504ECC6}.Release|Any CPU.Build.0 = Release|Any CPU
		{5503BC17-3C18-40A4-BE1A-5945BE6A9FD7}.Debug|Any CPU.ActiveCfg = Debug|Any CPU
		{5503BC17-3C18-40A4-BE1A-5945BE6A9FD7}.Debug|Any CPU.Build.0 = Debug|Any CPU
		{5503BC17-3C18-40A4-BE1A-5945BE6A9FD7}.Release|Any CPU.ActiveCfg = Release|Any CPU
		{5503BC17-3C18-40A4-BE1A-5945BE6A9FD7}.Release|Any CPU.Build.0 = Release|Any CPU
		{5F49F86D-F81F-48DE-A780-C76B6280D49F}.Debug|Any CPU.ActiveCfg = Debug|Any CPU
		{5F49F86D-F81F-48DE-A780-C76B6280D49F}.Debug|Any CPU.Build.0 = Debug|Any CPU
		{5F49F86D-F81F-48DE-A780-C76B6280D49F}.Release|Any CPU.ActiveCfg = Release|Any CPU
		{5F49F86D-F81F-48DE-A780-C76B6280D49F}.Release|Any CPU.Build.0 = Release|Any CPU
	EndGlobalSection
	GlobalSection(SolutionProperties) = preSolution
		HideSolutionNode = FALSE
	EndGlobalSection
	GlobalSection(ExtensibilityGlobals) = postSolution
		SolutionGuid = {B51529EB-10CB-41BD-BB1E-398364772797}
	EndGlobalSection
EndGlobal
